// !$*UTF8*$!
{
	archiveVersion = 1;
	classes = {
	};
	objectVersion = 56;
	objects = {

/* Begin PBXBuildFile section */
		02513F7029ABC7123C2CA8B6 /* Pods_ImageEditorTests.framework in Frameworks */ = {isa = PBXBuildFile; fileRef = D6BC0C3C4727E6083BF1DC6C /* Pods_ImageEditorTests.framework */; };
		A64D85033125630D774EE6DF /* Pods_ImageEditor.framework in Frameworks */ = {isa = PBXBuildFile; fileRef = 8478AA26B00FD5A549BA7200 /* Pods_ImageEditor.framework */; };
		BBCCCAE45B8AB542A5C1678E /* Pods_ImageEditor_ImageEditorUITests.framework in Frameworks */ = {isa = PBXBuildFile; fileRef = ABB752599C66AB396A22FBBA /* Pods_ImageEditor_ImageEditorUITests.framework */; };
		C7B01BA42A4D45E000595EA7 /* EditorImageViewController.swift in Sources */ = {isa = PBXBuildFile; fileRef = C7B01BA22A4D45E000595EA7 /* EditorImageViewController.swift */; };
		C7B01BA52A4D45E000595EA7 /* EditorImageViewController.xib in Resources */ = {isa = PBXBuildFile; fileRef = C7B01BA32A4D45E000595EA7 /* EditorImageViewController.xib */; };
		C7B5E0372A4DC3CE00603CCF /* FontChooserContainerView.swift in Sources */ = {isa = PBXBuildFile; fileRef = C7B5E0362A4DC3CE00603CCF /* FontChooserContainerView.swift */; };
		C7B5E04C2A4DC3FC00603CCF /* cubano-regular-webfont.ttf in Resources */ = {isa = PBXBuildFile; fileRef = C7B5E0392A4DC3FC00603CCF /* cubano-regular-webfont.ttf */; };
		C7B5E04D2A4DC3FC00603CCF /* Homestead-Regular.ttf in Resources */ = {isa = PBXBuildFile; fileRef = C7B5E03A2A4DC3FC00603CCF /* Homestead-Regular.ttf */; };
		C7B5E04E2A4DC3FC00603CCF /* Haymaker.ttf in Resources */ = {isa = PBXBuildFile; fileRef = C7B5E03B2A4DC3FC00603CCF /* Haymaker.ttf */; };
		C7B5E04F2A4DC3FC00603CCF /* Liberator.ttf in Resources */ = {isa = PBXBuildFile; fileRef = C7B5E03C2A4DC3FC00603CCF /* Liberator.ttf */; };
		C7B5E0502A4DC3FC00603CCF /* AbrahamLincoln.ttf in Resources */ = {isa = PBXBuildFile; fileRef = C7B5E03D2A4DC3FC00603CCF /* AbrahamLincoln.ttf */; };
		C7B5E0512A4DC3FC00603CCF /* mensch.ttf in Resources */ = {isa = PBXBuildFile; fileRef = C7B5E03E2A4DC3FC00603CCF /* mensch.ttf */; };
		C7B5E0522A4DC3FC00603CCF /* Franchise-Bold.ttf in Resources */ = {isa = PBXBuildFile; fileRef = C7B5E03F2A4DC3FC00603CCF /* Franchise-Bold.ttf */; };
		C7B5E0532A4DC3FC00603CCF /* GearedSlab.ttf in Resources */ = {isa = PBXBuildFile; fileRef = C7B5E0402A4DC3FC00603CCF /* GearedSlab.ttf */; };
		C7B5E0542A4DC3FC00603CCF /* Airship 27-Regular.ttf in Resources */ = {isa = PBXBuildFile; fileRef = C7B5E0412A4DC3FC00603CCF /* Airship 27-Regular.ttf */; };
		C7B5E0552A4DC3FC00603CCF /* ValenciaRegular.otf in Resources */ = {isa = PBXBuildFile; fileRef = C7B5E0422A4DC3FC00603CCF /* ValenciaRegular.otf */; };
		C7B5E0562A4DC3FC00603CCF /* Muncie.ttf in Resources */ = {isa = PBXBuildFile; fileRef = C7B5E0432A4DC3FC00603CCF /* Muncie.ttf */; };
		C7B5E0572A4DC3FC00603CCF /* governor.ttf in Resources */ = {isa = PBXBuildFile; fileRef = C7B5E0442A4DC3FC00603CCF /* governor.ttf */; };
		C7B5E0582A4DC3FC00603CCF /* Tommaso.ttf in Resources */ = {isa = PBXBuildFile; fileRef = C7B5E0452A4DC3FC00603CCF /* Tommaso.ttf */; };
		C7B5E0592A4DC3FC00603CCF /* Bender-Inline.otf in Resources */ = {isa = PBXBuildFile; fileRef = C7B5E0462A4DC3FC00603CCF /* Bender-Inline.otf */; };
		C7B5E05A2A4DC3FC00603CCF /* MavenProLight-200.otf in Resources */ = {isa = PBXBuildFile; fileRef = C7B5E0472A4DC3FC00603CCF /* MavenProLight-200.otf */; };
		C7B5E05B2A4DC3FC00603CCF /* Sullivan-Regular.otf in Resources */ = {isa = PBXBuildFile; fileRef = C7B5E0482A4DC3FC00603CCF /* Sullivan-Regular.otf */; };
		C7B5E05C2A4DC3FC00603CCF /* BLANCH_CONDENSED.otf in Resources */ = {isa = PBXBuildFile; fileRef = C7B5E0492A4DC3FC00603CCF /* BLANCH_CONDENSED.otf */; };
		C7B5E05D2A4DC3FC00603CCF /* vevey.ttf in Resources */ = {isa = PBXBuildFile; fileRef = C7B5E04A2A4DC3FC00603CCF /* vevey.ttf */; };
		C7B5E05E2A4DC3FC00603CCF /* Arvil_Sans.ttf in Resources */ = {isa = PBXBuildFile; fileRef = C7B5E04B2A4DC3FC00603CCF /* Arvil_Sans.ttf */; };
		C7B5E0AC2A4F28DB00603CCF /* InfoPlist.strings in Resources */ = {isa = PBXBuildFile; fileRef = C7B5E0AB2A4F28DB00603CCF /* InfoPlist.strings */; };
		C7B5E0D42A4F297200603CCF /* ConstraintMultiplierTarget.swift in Sources */ = {isa = PBXBuildFile; fileRef = C7B5E0AE2A4F297200603CCF /* ConstraintMultiplierTarget.swift */; };
		C7B5E0D52A4F297200603CCF /* LayoutConstraintItem.swift in Sources */ = {isa = PBXBuildFile; fileRef = C7B5E0AF2A4F297200603CCF /* LayoutConstraintItem.swift */; };
		C7B5E0D62A4F297200603CCF /* ConstraintDescription.swift in Sources */ = {isa = PBXBuildFile; fileRef = C7B5E0B02A4F297200603CCF /* ConstraintDescription.swift */; };
		C7B5E0D72A4F297200603CCF /* ConstraintMakerPriortizable.swift in Sources */ = {isa = PBXBuildFile; fileRef = C7B5E0B12A4F297200603CCF /* ConstraintMakerPriortizable.swift */; };
		C7B5E0D82A4F297200603CCF /* ConstraintAttributes.swift in Sources */ = {isa = PBXBuildFile; fileRef = C7B5E0B22A4F297200603CCF /* ConstraintAttributes.swift */; };
		C7B5E0D92A4F297200603CCF /* ConstraintViewDSL.swift in Sources */ = {isa = PBXBuildFile; fileRef = C7B5E0B32A4F297200603CCF /* ConstraintViewDSL.swift */; };
		C7B5E0DA2A4F297200603CCF /* ConstraintPriorityTarget.swift in Sources */ = {isa = PBXBuildFile; fileRef = C7B5E0B42A4F297200603CCF /* ConstraintPriorityTarget.swift */; };
		C7B5E0DB2A4F297200603CCF /* ConstraintInsets.swift in Sources */ = {isa = PBXBuildFile; fileRef = C7B5E0B52A4F297200603CCF /* ConstraintInsets.swift */; };
		C7B5E0DC2A4F297200603CCF /* ConstraintMakerFinalizable.swift in Sources */ = {isa = PBXBuildFile; fileRef = C7B5E0B62A4F297200603CCF /* ConstraintMakerFinalizable.swift */; };
		C7B5E0DD2A4F297200603CCF /* ConstraintDSL.swift in Sources */ = {isa = PBXBuildFile; fileRef = C7B5E0B72A4F297200603CCF /* ConstraintDSL.swift */; };
		C7B5E0DE2A4F297200603CCF /* ConstraintMakerExtendable.swift in Sources */ = {isa = PBXBuildFile; fileRef = C7B5E0B82A4F297200603CCF /* ConstraintMakerExtendable.swift */; };
		C7B5E0DF2A4F297200603CCF /* ConstraintPriority.swift in Sources */ = {isa = PBXBuildFile; fileRef = C7B5E0B92A4F297200603CCF /* ConstraintPriority.swift */; };
		C7B5E0E02A4F297200603CCF /* ConstraintInsetTarget.swift in Sources */ = {isa = PBXBuildFile; fileRef = C7B5E0BA2A4F297200603CCF /* ConstraintInsetTarget.swift */; };
		C7B5E0E12A4F297200603CCF /* ConstraintDirectionalInsetTarget.swift in Sources */ = {isa = PBXBuildFile; fileRef = C7B5E0BB2A4F297200603CCF /* ConstraintDirectionalInsetTarget.swift */; };
		C7B5E0E22A4F297200603CCF /* ConstraintMakerRelatable+Extensions.swift in Sources */ = {isa = PBXBuildFile; fileRef = C7B5E0BD2A4F297200603CCF /* ConstraintMakerRelatable+Extensions.swift */; };
		C7B5E0E32A4F297200603CCF /* ConstraintConfig.swift in Sources */ = {isa = PBXBuildFile; fileRef = C7B5E0BE2A4F297200603CCF /* ConstraintConfig.swift */; };
		C7B5E0E42A4F297200603CCF /* UILayoutSupport+Extensions.swift in Sources */ = {isa = PBXBuildFile; fileRef = C7B5E0BF2A4F297200603CCF /* UILayoutSupport+Extensions.swift */; };
		C7B5E0E52A4F297200603CCF /* ConstraintView.swift in Sources */ = {isa = PBXBuildFile; fileRef = C7B5E0C02A4F297200603CCF /* ConstraintView.swift */; };
		C7B5E0E62A4F297200603CCF /* ConstraintLayoutGuide.swift in Sources */ = {isa = PBXBuildFile; fileRef = C7B5E0C12A4F297200603CCF /* ConstraintLayoutGuide.swift */; };
		C7B5E0E72A4F297200603CCF /* ConstraintLayoutSupport.swift in Sources */ = {isa = PBXBuildFile; fileRef = C7B5E0C22A4F297200603CCF /* ConstraintLayoutSupport.swift */; };
		C7B5E0E82A4F297200603CCF /* Typealiases.swift in Sources */ = {isa = PBXBuildFile; fileRef = C7B5E0C32A4F297200603CCF /* Typealiases.swift */; };
		C7B5E0E92A4F297200603CCF /* ConstraintConstantTarget.swift in Sources */ = {isa = PBXBuildFile; fileRef = C7B5E0C42A4F297200603CCF /* ConstraintConstantTarget.swift */; };
		C7B5E0EA2A4F297200603CCF /* ConstraintOffsetTarget.swift in Sources */ = {isa = PBXBuildFile; fileRef = C7B5E0C52A4F297200603CCF /* ConstraintOffsetTarget.swift */; };
		C7B5E0EB2A4F297200603CCF /* ConstraintMakerEditable.swift in Sources */ = {isa = PBXBuildFile; fileRef = C7B5E0C62A4F297200603CCF /* ConstraintMakerEditable.swift */; };
		C7B5E0EC2A4F297200603CCF /* ConstraintMaker.swift in Sources */ = {isa = PBXBuildFile; fileRef = C7B5E0C72A4F297200603CCF /* ConstraintMaker.swift */; };
		C7B5E0ED2A4F297200603CCF /* ConstraintRelation.swift in Sources */ = {isa = PBXBuildFile; fileRef = C7B5E0C82A4F297200603CCF /* ConstraintRelation.swift */; };
		C7B5E0EE2A4F297200603CCF /* ConstraintLayoutGuideDSL.swift in Sources */ = {isa = PBXBuildFile; fileRef = C7B5E0C92A4F297200603CCF /* ConstraintLayoutGuideDSL.swift */; };
		C7B5E0EF2A4F297200603CCF /* ConstraintView+Extensions.swift in Sources */ = {isa = PBXBuildFile; fileRef = C7B5E0CA2A4F297200603CCF /* ConstraintView+Extensions.swift */; };
		C7B5E0F02A4F297200603CCF /* ConstraintItem.swift in Sources */ = {isa = PBXBuildFile; fileRef = C7B5E0CB2A4F297200603CCF /* ConstraintItem.swift */; };
		C7B5E0F12A4F297200603CCF /* Constraint.swift in Sources */ = {isa = PBXBuildFile; fileRef = C7B5E0CC2A4F297200603CCF /* Constraint.swift */; };
		C7B5E0F22A4F297200603CCF /* Debugging.swift in Sources */ = {isa = PBXBuildFile; fileRef = C7B5E0CD2A4F297200603CCF /* Debugging.swift */; };
		C7B5E0F32A4F297200603CCF /* ConstraintRelatableTarget.swift in Sources */ = {isa = PBXBuildFile; fileRef = C7B5E0CE2A4F297200603CCF /* ConstraintRelatableTarget.swift */; };
		C7B5E0F42A4F297200603CCF /* LayoutConstraint.swift in Sources */ = {isa = PBXBuildFile; fileRef = C7B5E0CF2A4F297200603CCF /* LayoutConstraint.swift */; };
		C7B5E0F52A4F297200603CCF /* ConstraintLayoutGuide+Extensions.swift in Sources */ = {isa = PBXBuildFile; fileRef = C7B5E0D02A4F297200603CCF /* ConstraintLayoutGuide+Extensions.swift */; };
		C7B5E0F62A4F297200603CCF /* ConstraintDirectionalInsets.swift in Sources */ = {isa = PBXBuildFile; fileRef = C7B5E0D12A4F297200603CCF /* ConstraintDirectionalInsets.swift */; };
		C7B5E0F72A4F297200603CCF /* ConstraintLayoutSupportDSL.swift in Sources */ = {isa = PBXBuildFile; fileRef = C7B5E0D22A4F297200603CCF /* ConstraintLayoutSupportDSL.swift */; };
		C7B5E0F82A4F297200603CCF /* ConstraintMakerRelatable.swift in Sources */ = {isa = PBXBuildFile; fileRef = C7B5E0D32A4F297200603CCF /* ConstraintMakerRelatable.swift */; };
		C7E70CB42A45396C00C6F285 /* AppDelegate.swift in Sources */ = {isa = PBXBuildFile; fileRef = C7E70CB32A45396C00C6F285 /* AppDelegate.swift */; };
		C7E70CB62A45396C00C6F285 /* SceneDelegate.swift in Sources */ = {isa = PBXBuildFile; fileRef = C7E70CB52A45396C00C6F285 /* SceneDelegate.swift */; };
		C7E70CBD2A45396F00C6F285 /* Assets.xcassets in Resources */ = {isa = PBXBuildFile; fileRef = C7E70CBC2A45396F00C6F285 /* Assets.xcassets */; };
		C7E70CC02A45396F00C6F285 /* LaunchScreen.storyboard in Resources */ = {isa = PBXBuildFile; fileRef = C7E70CBE2A45396F00C6F285 /* LaunchScreen.storyboard */; };
		C7E70CCB2A45397000C6F285 /* ImageEditorTests.swift in Sources */ = {isa = PBXBuildFile; fileRef = C7E70CCA2A45397000C6F285 /* ImageEditorTests.swift */; };
		C7E70CD52A45397000C6F285 /* ImageEditorUITests.swift in Sources */ = {isa = PBXBuildFile; fileRef = C7E70CD42A45397000C6F285 /* ImageEditorUITests.swift */; };
		C7E70CD72A45397000C6F285 /* ImageEditorUITestsLaunchTests.swift in Sources */ = {isa = PBXBuildFile; fileRef = C7E70CD62A45397000C6F285 /* ImageEditorUITestsLaunchTests.swift */; };
/* End PBXBuildFile section */

/* Begin PBXContainerItemProxy section */
		C7E70CC72A45397000C6F285 /* PBXContainerItemProxy */ = {
			isa = PBXContainerItemProxy;
			containerPortal = C7E70CA82A45396B00C6F285 /* Project object */;
			proxyType = 1;
			remoteGlobalIDString = C7E70CAF2A45396C00C6F285;
			remoteInfo = ImageEditor;
		};
		C7E70CD12A45397000C6F285 /* PBXContainerItemProxy */ = {
			isa = PBXContainerItemProxy;
			containerPortal = C7E70CA82A45396B00C6F285 /* Project object */;
			proxyType = 1;
			remoteGlobalIDString = C7E70CAF2A45396C00C6F285;
			remoteInfo = ImageEditor;
		};
/* End PBXContainerItemProxy section */

/* Begin PBXFileReference section */
		04D9FD392FA51D439DB3502D /* Pods-ImageEditor-ImageEditorUITests.release.xcconfig */ = {isa = PBXFileReference; includeInIndex = 1; lastKnownFileType = text.xcconfig; name = "Pods-ImageEditor-ImageEditorUITests.release.xcconfig"; path = "Target Support Files/Pods-ImageEditor-ImageEditorUITests/Pods-ImageEditor-ImageEditorUITests.release.xcconfig"; sourceTree = "<group>"; };
		57042BBEF325F3ED770E1E58 /* Pods-ImageEditorTests.release.xcconfig */ = {isa = PBXFileReference; includeInIndex = 1; lastKnownFileType = text.xcconfig; name = "Pods-ImageEditorTests.release.xcconfig"; path = "Target Support Files/Pods-ImageEditorTests/Pods-ImageEditorTests.release.xcconfig"; sourceTree = "<group>"; };
		8478AA26B00FD5A549BA7200 /* Pods_ImageEditor.framework */ = {isa = PBXFileReference; explicitFileType = wrapper.framework; includeInIndex = 0; path = Pods_ImageEditor.framework; sourceTree = BUILT_PRODUCTS_DIR; };
		85EEEC0CB211F1A3C54F5E58 /* Pods-ImageEditor.debug.xcconfig */ = {isa = PBXFileReference; includeInIndex = 1; lastKnownFileType = text.xcconfig; name = "Pods-ImageEditor.debug.xcconfig"; path = "Target Support Files/Pods-ImageEditor/Pods-ImageEditor.debug.xcconfig"; sourceTree = "<group>"; };
		ABB752599C66AB396A22FBBA /* Pods_ImageEditor_ImageEditorUITests.framework */ = {isa = PBXFileReference; explicitFileType = wrapper.framework; includeInIndex = 0; path = Pods_ImageEditor_ImageEditorUITests.framework; sourceTree = BUILT_PRODUCTS_DIR; };
		C24C92E822270BE771802E32 /* Pods-ImageEditor.release.xcconfig */ = {isa = PBXFileReference; includeInIndex = 1; lastKnownFileType = text.xcconfig; name = "Pods-ImageEditor.release.xcconfig"; path = "Target Support Files/Pods-ImageEditor/Pods-ImageEditor.release.xcconfig"; sourceTree = "<group>"; };
		C7B01BA22A4D45E000595EA7 /* EditorImageViewController.swift */ = {isa = PBXFileReference; lastKnownFileType = sourcecode.swift; path = EditorImageViewController.swift; sourceTree = "<group>"; };
		C7B01BA32A4D45E000595EA7 /* EditorImageViewController.xib */ = {isa = PBXFileReference; lastKnownFileType = file.xib; path = EditorImageViewController.xib; sourceTree = "<group>"; };
		C7B5E0362A4DC3CE00603CCF /* FontChooserContainerView.swift */ = {isa = PBXFileReference; lastKnownFileType = sourcecode.swift; path = FontChooserContainerView.swift; sourceTree = "<group>"; };
		C7B5E0392A4DC3FC00603CCF /* cubano-regular-webfont.ttf */ = {isa = PBXFileReference; lastKnownFileType = file; path = "cubano-regular-webfont.ttf"; sourceTree = "<group>"; };
		C7B5E03A2A4DC3FC00603CCF /* Homestead-Regular.ttf */ = {isa = PBXFileReference; lastKnownFileType = file; path = "Homestead-Regular.ttf"; sourceTree = "<group>"; };
		C7B5E03B2A4DC3FC00603CCF /* Haymaker.ttf */ = {isa = PBXFileReference; lastKnownFileType = file; path = Haymaker.ttf; sourceTree = "<group>"; };
		C7B5E03C2A4DC3FC00603CCF /* Liberator.ttf */ = {isa = PBXFileReference; lastKnownFileType = file; path = Liberator.ttf; sourceTree = "<group>"; };
		C7B5E03D2A4DC3FC00603CCF /* AbrahamLincoln.ttf */ = {isa = PBXFileReference; lastKnownFileType = file; path = AbrahamLincoln.ttf; sourceTree = "<group>"; };
		C7B5E03E2A4DC3FC00603CCF /* mensch.ttf */ = {isa = PBXFileReference; lastKnownFileType = file; path = mensch.ttf; sourceTree = "<group>"; };
		C7B5E03F2A4DC3FC00603CCF /* Franchise-Bold.ttf */ = {isa = PBXFileReference; lastKnownFileType = file; path = "Franchise-Bold.ttf"; sourceTree = "<group>"; };
		C7B5E0402A4DC3FC00603CCF /* GearedSlab.ttf */ = {isa = PBXFileReference; lastKnownFileType = file; path = GearedSlab.ttf; sourceTree = "<group>"; };
		C7B5E0412A4DC3FC00603CCF /* Airship 27-Regular.ttf */ = {isa = PBXFileReference; lastKnownFileType = file; path = "Airship 27-Regular.ttf"; sourceTree = "<group>"; };
		C7B5E0422A4DC3FC00603CCF /* ValenciaRegular.otf */ = {isa = PBXFileReference; lastKnownFileType = file; path = ValenciaRegular.otf; sourceTree = "<group>"; };
		C7B5E0432A4DC3FC00603CCF /* Muncie.ttf */ = {isa = PBXFileReference; lastKnownFileType = file; path = Muncie.ttf; sourceTree = "<group>"; };
		C7B5E0442A4DC3FC00603CCF /* governor.ttf */ = {isa = PBXFileReference; lastKnownFileType = file; path = governor.ttf; sourceTree = "<group>"; };
		C7B5E0452A4DC3FC00603CCF /* Tommaso.ttf */ = {isa = PBXFileReference; lastKnownFileType = file; path = Tommaso.ttf; sourceTree = "<group>"; };
		C7B5E0462A4DC3FC00603CCF /* Bender-Inline.otf */ = {isa = PBXFileReference; lastKnownFileType = file; path = "Bender-Inline.otf"; sourceTree = "<group>"; };
		C7B5E0472A4DC3FC00603CCF /* MavenProLight-200.otf */ = {isa = PBXFileReference; lastKnownFileType = file; path = "MavenProLight-200.otf"; sourceTree = "<group>"; };
		C7B5E0482A4DC3FC00603CCF /* Sullivan-Regular.otf */ = {isa = PBXFileReference; lastKnownFileType = file; path = "Sullivan-Regular.otf"; sourceTree = "<group>"; };
		C7B5E0492A4DC3FC00603CCF /* BLANCH_CONDENSED.otf */ = {isa = PBXFileReference; lastKnownFileType = file; path = BLANCH_CONDENSED.otf; sourceTree = "<group>"; };
		C7B5E04A2A4DC3FC00603CCF /* vevey.ttf */ = {isa = PBXFileReference; lastKnownFileType = file; path = vevey.ttf; sourceTree = "<group>"; };
		C7B5E04B2A4DC3FC00603CCF /* Arvil_Sans.ttf */ = {isa = PBXFileReference; lastKnownFileType = file; path = Arvil_Sans.ttf; sourceTree = "<group>"; };
		C7B5E0AB2A4F28DB00603CCF /* InfoPlist.strings */ = {isa = PBXFileReference; lastKnownFileType = text.plist.strings; path = InfoPlist.strings; sourceTree = "<group>"; };
		C7B5E0AE2A4F297200603CCF /* ConstraintMultiplierTarget.swift */ = {isa = PBXFileReference; fileEncoding = 4; lastKnownFileType = sourcecode.swift; path = ConstraintMultiplierTarget.swift; sourceTree = "<group>"; };
		C7B5E0AF2A4F297200603CCF /* LayoutConstraintItem.swift */ = {isa = PBXFileReference; fileEncoding = 4; lastKnownFileType = sourcecode.swift; path = LayoutConstraintItem.swift; sourceTree = "<group>"; };
		C7B5E0B02A4F297200603CCF /* ConstraintDescription.swift */ = {isa = PBXFileReference; fileEncoding = 4; lastKnownFileType = sourcecode.swift; path = ConstraintDescription.swift; sourceTree = "<group>"; };
		C7B5E0B12A4F297200603CCF /* ConstraintMakerPriortizable.swift */ = {isa = PBXFileReference; fileEncoding = 4; lastKnownFileType = sourcecode.swift; path = ConstraintMakerPriortizable.swift; sourceTree = "<group>"; };
		C7B5E0B22A4F297200603CCF /* ConstraintAttributes.swift */ = {isa = PBXFileReference; fileEncoding = 4; lastKnownFileType = sourcecode.swift; path = ConstraintAttributes.swift; sourceTree = "<group>"; };
		C7B5E0B32A4F297200603CCF /* ConstraintViewDSL.swift */ = {isa = PBXFileReference; fileEncoding = 4; lastKnownFileType = sourcecode.swift; path = ConstraintViewDSL.swift; sourceTree = "<group>"; };
		C7B5E0B42A4F297200603CCF /* ConstraintPriorityTarget.swift */ = {isa = PBXFileReference; fileEncoding = 4; lastKnownFileType = sourcecode.swift; path = ConstraintPriorityTarget.swift; sourceTree = "<group>"; };
		C7B5E0B52A4F297200603CCF /* ConstraintInsets.swift */ = {isa = PBXFileReference; fileEncoding = 4; lastKnownFileType = sourcecode.swift; path = ConstraintInsets.swift; sourceTree = "<group>"; };
		C7B5E0B62A4F297200603CCF /* ConstraintMakerFinalizable.swift */ = {isa = PBXFileReference; fileEncoding = 4; lastKnownFileType = sourcecode.swift; path = ConstraintMakerFinalizable.swift; sourceTree = "<group>"; };
		C7B5E0B72A4F297200603CCF /* ConstraintDSL.swift */ = {isa = PBXFileReference; fileEncoding = 4; lastKnownFileType = sourcecode.swift; path = ConstraintDSL.swift; sourceTree = "<group>"; };
		C7B5E0B82A4F297200603CCF /* ConstraintMakerExtendable.swift */ = {isa = PBXFileReference; fileEncoding = 4; lastKnownFileType = sourcecode.swift; path = ConstraintMakerExtendable.swift; sourceTree = "<group>"; };
		C7B5E0B92A4F297200603CCF /* ConstraintPriority.swift */ = {isa = PBXFileReference; fileEncoding = 4; lastKnownFileType = sourcecode.swift; path = ConstraintPriority.swift; sourceTree = "<group>"; };
		C7B5E0BA2A4F297200603CCF /* ConstraintInsetTarget.swift */ = {isa = PBXFileReference; fileEncoding = 4; lastKnownFileType = sourcecode.swift; path = ConstraintInsetTarget.swift; sourceTree = "<group>"; };
		C7B5E0BB2A4F297200603CCF /* ConstraintDirectionalInsetTarget.swift */ = {isa = PBXFileReference; fileEncoding = 4; lastKnownFileType = sourcecode.swift; path = ConstraintDirectionalInsetTarget.swift; sourceTree = "<group>"; };
		C7B5E0BC2A4F297200603CCF /* SnapKit.h */ = {isa = PBXFileReference; fileEncoding = 4; lastKnownFileType = sourcecode.c.h; path = SnapKit.h; sourceTree = "<group>"; };
		C7B5E0BD2A4F297200603CCF /* ConstraintMakerRelatable+Extensions.swift */ = {isa = PBXFileReference; fileEncoding = 4; lastKnownFileType = sourcecode.swift; path = "ConstraintMakerRelatable+Extensions.swift"; sourceTree = "<group>"; };
		C7B5E0BE2A4F297200603CCF /* ConstraintConfig.swift */ = {isa = PBXFileReference; fileEncoding = 4; lastKnownFileType = sourcecode.swift; path = ConstraintConfig.swift; sourceTree = "<group>"; };
		C7B5E0BF2A4F297200603CCF /* UILayoutSupport+Extensions.swift */ = {isa = PBXFileReference; fileEncoding = 4; lastKnownFileType = sourcecode.swift; path = "UILayoutSupport+Extensions.swift"; sourceTree = "<group>"; };
		C7B5E0C02A4F297200603CCF /* ConstraintView.swift */ = {isa = PBXFileReference; fileEncoding = 4; lastKnownFileType = sourcecode.swift; path = ConstraintView.swift; sourceTree = "<group>"; };
		C7B5E0C12A4F297200603CCF /* ConstraintLayoutGuide.swift */ = {isa = PBXFileReference; fileEncoding = 4; lastKnownFileType = sourcecode.swift; path = ConstraintLayoutGuide.swift; sourceTree = "<group>"; };
		C7B5E0C22A4F297200603CCF /* ConstraintLayoutSupport.swift */ = {isa = PBXFileReference; fileEncoding = 4; lastKnownFileType = sourcecode.swift; path = ConstraintLayoutSupport.swift; sourceTree = "<group>"; };
		C7B5E0C32A4F297200603CCF /* Typealiases.swift */ = {isa = PBXFileReference; fileEncoding = 4; lastKnownFileType = sourcecode.swift; path = Typealiases.swift; sourceTree = "<group>"; };
		C7B5E0C42A4F297200603CCF /* ConstraintConstantTarget.swift */ = {isa = PBXFileReference; fileEncoding = 4; lastKnownFileType = sourcecode.swift; path = ConstraintConstantTarget.swift; sourceTree = "<group>"; };
		C7B5E0C52A4F297200603CCF /* ConstraintOffsetTarget.swift */ = {isa = PBXFileReference; fileEncoding = 4; lastKnownFileType = sourcecode.swift; path = ConstraintOffsetTarget.swift; sourceTree = "<group>"; };
		C7B5E0C62A4F297200603CCF /* ConstraintMakerEditable.swift */ = {isa = PBXFileReference; fileEncoding = 4; lastKnownFileType = sourcecode.swift; path = ConstraintMakerEditable.swift; sourceTree = "<group>"; };
		C7B5E0C72A4F297200603CCF /* ConstraintMaker.swift */ = {isa = PBXFileReference; fileEncoding = 4; lastKnownFileType = sourcecode.swift; path = ConstraintMaker.swift; sourceTree = "<group>"; };
		C7B5E0C82A4F297200603CCF /* ConstraintRelation.swift */ = {isa = PBXFileReference; fileEncoding = 4; lastKnownFileType = sourcecode.swift; path = ConstraintRelation.swift; sourceTree = "<group>"; };
		C7B5E0C92A4F297200603CCF /* ConstraintLayoutGuideDSL.swift */ = {isa = PBXFileReference; fileEncoding = 4; lastKnownFileType = sourcecode.swift; path = ConstraintLayoutGuideDSL.swift; sourceTree = "<group>"; };
		C7B5E0CA2A4F297200603CCF /* ConstraintView+Extensions.swift */ = {isa = PBXFileReference; fileEncoding = 4; lastKnownFileType = sourcecode.swift; path = "ConstraintView+Extensions.swift"; sourceTree = "<group>"; };
		C7B5E0CB2A4F297200603CCF /* ConstraintItem.swift */ = {isa = PBXFileReference; fileEncoding = 4; lastKnownFileType = sourcecode.swift; path = ConstraintItem.swift; sourceTree = "<group>"; };
		C7B5E0CC2A4F297200603CCF /* Constraint.swift */ = {isa = PBXFileReference; fileEncoding = 4; lastKnownFileType = sourcecode.swift; path = Constraint.swift; sourceTree = "<group>"; };
		C7B5E0CD2A4F297200603CCF /* Debugging.swift */ = {isa = PBXFileReference; fileEncoding = 4; lastKnownFileType = sourcecode.swift; path = Debugging.swift; sourceTree = "<group>"; };
		C7B5E0CE2A4F297200603CCF /* ConstraintRelatableTarget.swift */ = {isa = PBXFileReference; fileEncoding = 4; lastKnownFileType = sourcecode.swift; path = ConstraintRelatableTarget.swift; sourceTree = "<group>"; };
		C7B5E0CF2A4F297200603CCF /* LayoutConstraint.swift */ = {isa = PBXFileReference; fileEncoding = 4; lastKnownFileType = sourcecode.swift; path = LayoutConstraint.swift; sourceTree = "<group>"; };
		C7B5E0D02A4F297200603CCF /* ConstraintLayoutGuide+Extensions.swift */ = {isa = PBXFileReference; fileEncoding = 4; lastKnownFileType = sourcecode.swift; path = "ConstraintLayoutGuide+Extensions.swift"; sourceTree = "<group>"; };
		C7B5E0D12A4F297200603CCF /* ConstraintDirectionalInsets.swift */ = {isa = PBXFileReference; fileEncoding = 4; lastKnownFileType = sourcecode.swift; path = ConstraintDirectionalInsets.swift; sourceTree = "<group>"; };
		C7B5E0D22A4F297200603CCF /* ConstraintLayoutSupportDSL.swift */ = {isa = PBXFileReference; fileEncoding = 4; lastKnownFileType = sourcecode.swift; path = ConstraintLayoutSupportDSL.swift; sourceTree = "<group>"; };
		C7B5E0D32A4F297200603CCF /* ConstraintMakerRelatable.swift */ = {isa = PBXFileReference; fileEncoding = 4; lastKnownFileType = sourcecode.swift; path = ConstraintMakerRelatable.swift; sourceTree = "<group>"; };
		C7E70CB02A45396C00C6F285 /* ImageEditor.app */ = {isa = PBXFileReference; explicitFileType = wrapper.application; includeInIndex = 0; path = ImageEditor.app; sourceTree = BUILT_PRODUCTS_DIR; };
		C7E70CB32A45396C00C6F285 /* AppDelegate.swift */ = {isa = PBXFileReference; lastKnownFileType = sourcecode.swift; path = AppDelegate.swift; sourceTree = "<group>"; };
		C7E70CB52A45396C00C6F285 /* SceneDelegate.swift */ = {isa = PBXFileReference; lastKnownFileType = sourcecode.swift; path = SceneDelegate.swift; sourceTree = "<group>"; };
		C7E70CBC2A45396F00C6F285 /* Assets.xcassets */ = {isa = PBXFileReference; lastKnownFileType = folder.assetcatalog; path = Assets.xcassets; sourceTree = "<group>"; };
		C7E70CBF2A45396F00C6F285 /* Base */ = {isa = PBXFileReference; lastKnownFileType = file.storyboard; name = Base; path = Base.lproj/LaunchScreen.storyboard; sourceTree = "<group>"; };
		C7E70CC12A45396F00C6F285 /* Info.plist */ = {isa = PBXFileReference; lastKnownFileType = text.plist.xml; path = Info.plist; sourceTree = "<group>"; };
		C7E70CC62A45397000C6F285 /* ImageEditorTests.xctest */ = {isa = PBXFileReference; explicitFileType = wrapper.cfbundle; includeInIndex = 0; path = ImageEditorTests.xctest; sourceTree = BUILT_PRODUCTS_DIR; };
		C7E70CCA2A45397000C6F285 /* ImageEditorTests.swift */ = {isa = PBXFileReference; lastKnownFileType = sourcecode.swift; path = ImageEditorTests.swift; sourceTree = "<group>"; };
		C7E70CD02A45397000C6F285 /* ImageEditorUITests.xctest */ = {isa = PBXFileReference; explicitFileType = wrapper.cfbundle; includeInIndex = 0; path = ImageEditorUITests.xctest; sourceTree = BUILT_PRODUCTS_DIR; };
		C7E70CD42A45397000C6F285 /* ImageEditorUITests.swift */ = {isa = PBXFileReference; lastKnownFileType = sourcecode.swift; path = ImageEditorUITests.swift; sourceTree = "<group>"; };
		C7E70CD62A45397000C6F285 /* ImageEditorUITestsLaunchTests.swift */ = {isa = PBXFileReference; lastKnownFileType = sourcecode.swift; path = ImageEditorUITestsLaunchTests.swift; sourceTree = "<group>"; };
		D6BC0C3C4727E6083BF1DC6C /* Pods_ImageEditorTests.framework */ = {isa = PBXFileReference; explicitFileType = wrapper.framework; includeInIndex = 0; path = Pods_ImageEditorTests.framework; sourceTree = BUILT_PRODUCTS_DIR; };
		DF25AD815818A58C2DB3AE5C /* Pods-ImageEditor-ImageEditorUITests.debug.xcconfig */ = {isa = PBXFileReference; includeInIndex = 1; lastKnownFileType = text.xcconfig; name = "Pods-ImageEditor-ImageEditorUITests.debug.xcconfig"; path = "Target Support Files/Pods-ImageEditor-ImageEditorUITests/Pods-ImageEditor-ImageEditorUITests.debug.xcconfig"; sourceTree = "<group>"; };
		F2E50EB81BC4213B4F449C8D /* Pods-ImageEditorTests.debug.xcconfig */ = {isa = PBXFileReference; includeInIndex = 1; lastKnownFileType = text.xcconfig; name = "Pods-ImageEditorTests.debug.xcconfig"; path = "Target Support Files/Pods-ImageEditorTests/Pods-ImageEditorTests.debug.xcconfig"; sourceTree = "<group>"; };
/* End PBXFileReference section */

/* Begin PBXFrameworksBuildPhase section */
		C7E70CAD2A45396C00C6F285 /* Frameworks */ = {
			isa = PBXFrameworksBuildPhase;
			buildActionMask = 2147483647;
			files = (
				A64D85033125630D774EE6DF /* Pods_ImageEditor.framework in Frameworks */,
			);
			runOnlyForDeploymentPostprocessing = 0;
		};
		C7E70CC32A45397000C6F285 /* Frameworks */ = {
			isa = PBXFrameworksBuildPhase;
			buildActionMask = 2147483647;
			files = (
				02513F7029ABC7123C2CA8B6 /* Pods_ImageEditorTests.framework in Frameworks */,
			);
			runOnlyForDeploymentPostprocessing = 0;
		};
		C7E70CCD2A45397000C6F285 /* Frameworks */ = {
			isa = PBXFrameworksBuildPhase;
			buildActionMask = 2147483647;
			files = (
				BBCCCAE45B8AB542A5C1678E /* Pods_ImageEditor_ImageEditorUITests.framework in Frameworks */,
			);
			runOnlyForDeploymentPostprocessing = 0;
		};
/* End PBXFrameworksBuildPhase section */

/* Begin PBXGroup section */
		2521FA40063F53C419B40A4C /* Frameworks */ = {
			isa = PBXGroup;
			children = (
				8478AA26B00FD5A549BA7200 /* Pods_ImageEditor.framework */,
				ABB752599C66AB396A22FBBA /* Pods_ImageEditor_ImageEditorUITests.framework */,
				D6BC0C3C4727E6083BF1DC6C /* Pods_ImageEditorTests.framework */,
			);
			name = Frameworks;
			sourceTree = "<group>";
		};
		293D3ABDB578CFBCF9414E02 /* Pods */ = {
			isa = PBXGroup;
			children = (
				85EEEC0CB211F1A3C54F5E58 /* Pods-ImageEditor.debug.xcconfig */,
				C24C92E822270BE771802E32 /* Pods-ImageEditor.release.xcconfig */,
				DF25AD815818A58C2DB3AE5C /* Pods-ImageEditor-ImageEditorUITests.debug.xcconfig */,
				04D9FD392FA51D439DB3502D /* Pods-ImageEditor-ImageEditorUITests.release.xcconfig */,
				F2E50EB81BC4213B4F449C8D /* Pods-ImageEditorTests.debug.xcconfig */,
				57042BBEF325F3ED770E1E58 /* Pods-ImageEditorTests.release.xcconfig */,
			);
			path = Pods;
			sourceTree = "<group>";
		};
		C7B5E0382A4DC3FC00603CCF /* Fonts */ = {
			isa = PBXGroup;
			children = (
				C7B5E0392A4DC3FC00603CCF /* cubano-regular-webfont.ttf */,
				C7B5E03A2A4DC3FC00603CCF /* Homestead-Regular.ttf */,
				C7B5E03B2A4DC3FC00603CCF /* Haymaker.ttf */,
				C7B5E03C2A4DC3FC00603CCF /* Liberator.ttf */,
				C7B5E03D2A4DC3FC00603CCF /* AbrahamLincoln.ttf */,
				C7B5E03E2A4DC3FC00603CCF /* mensch.ttf */,
				C7B5E03F2A4DC3FC00603CCF /* Franchise-Bold.ttf */,
				C7B5E0402A4DC3FC00603CCF /* GearedSlab.ttf */,
				C7B5E0412A4DC3FC00603CCF /* Airship 27-Regular.ttf */,
				C7B5E0422A4DC3FC00603CCF /* ValenciaRegular.otf */,
				C7B5E0432A4DC3FC00603CCF /* Muncie.ttf */,
				C7B5E0442A4DC3FC00603CCF /* governor.ttf */,
				C7B5E0452A4DC3FC00603CCF /* Tommaso.ttf */,
				C7B5E0462A4DC3FC00603CCF /* Bender-Inline.otf */,
				C7B5E0472A4DC3FC00603CCF /* MavenProLight-200.otf */,
				C7B5E0482A4DC3FC00603CCF /* Sullivan-Regular.otf */,
				C7B5E0492A4DC3FC00603CCF /* BLANCH_CONDENSED.otf */,
				C7B5E04A2A4DC3FC00603CCF /* vevey.ttf */,
				C7B5E04B2A4DC3FC00603CCF /* Arvil_Sans.ttf */,
			);
			path = Fonts;
			sourceTree = "<group>";
		};
		C7B5E0AD2A4F297200603CCF /* SnapKit */ = {
			isa = PBXGroup;
			children = (
				C7B5E0AE2A4F297200603CCF /* ConstraintMultiplierTarget.swift */,
				C7B5E0AF2A4F297200603CCF /* LayoutConstraintItem.swift */,
				C7B5E0B02A4F297200603CCF /* ConstraintDescription.swift */,
				C7B5E0B12A4F297200603CCF /* ConstraintMakerPriortizable.swift */,
				C7B5E0B22A4F297200603CCF /* ConstraintAttributes.swift */,
				C7B5E0B32A4F297200603CCF /* ConstraintViewDSL.swift */,
				C7B5E0B42A4F297200603CCF /* ConstraintPriorityTarget.swift */,
				C7B5E0B52A4F297200603CCF /* ConstraintInsets.swift */,
				C7B5E0B62A4F297200603CCF /* ConstraintMakerFinalizable.swift */,
				C7B5E0B72A4F297200603CCF /* ConstraintDSL.swift */,
				C7B5E0B82A4F297200603CCF /* ConstraintMakerExtendable.swift */,
				C7B5E0B92A4F297200603CCF /* ConstraintPriority.swift */,
				C7B5E0BA2A4F297200603CCF /* ConstraintInsetTarget.swift */,
				C7B5E0BB2A4F297200603CCF /* ConstraintDirectionalInsetTarget.swift */,
				C7B5E0BC2A4F297200603CCF /* SnapKit.h */,
				C7B5E0BD2A4F297200603CCF /* ConstraintMakerRelatable+Extensions.swift */,
				C7B5E0BE2A4F297200603CCF /* ConstraintConfig.swift */,
				C7B5E0BF2A4F297200603CCF /* UILayoutSupport+Extensions.swift */,
				C7B5E0C02A4F297200603CCF /* ConstraintView.swift */,
				C7B5E0C12A4F297200603CCF /* ConstraintLayoutGuide.swift */,
				C7B5E0C22A4F297200603CCF /* ConstraintLayoutSupport.swift */,
				C7B5E0C32A4F297200603CCF /* Typealiases.swift */,
				C7B5E0C42A4F297200603CCF /* ConstraintConstantTarget.swift */,
				C7B5E0C52A4F297200603CCF /* ConstraintOffsetTarget.swift */,
				C7B5E0C62A4F297200603CCF /* ConstraintMakerEditable.swift */,
				C7B5E0C72A4F297200603CCF /* ConstraintMaker.swift */,
				C7B5E0C82A4F297200603CCF /* ConstraintRelation.swift */,
				C7B5E0C92A4F297200603CCF /* ConstraintLayoutGuideDSL.swift */,
				C7B5E0CA2A4F297200603CCF /* ConstraintView+Extensions.swift */,
				C7B5E0CB2A4F297200603CCF /* ConstraintItem.swift */,
				C7B5E0CC2A4F297200603CCF /* Constraint.swift */,
				C7B5E0CD2A4F297200603CCF /* Debugging.swift */,
				C7B5E0CE2A4F297200603CCF /* ConstraintRelatableTarget.swift */,
				C7B5E0CF2A4F297200603CCF /* LayoutConstraint.swift */,
				C7B5E0D02A4F297200603CCF /* ConstraintLayoutGuide+Extensions.swift */,
				C7B5E0D12A4F297200603CCF /* ConstraintDirectionalInsets.swift */,
				C7B5E0D22A4F297200603CCF /* ConstraintLayoutSupportDSL.swift */,
				C7B5E0D32A4F297200603CCF /* ConstraintMakerRelatable.swift */,
			);
			path = SnapKit;
			sourceTree = "<group>";
		};
		C7E70CA72A45396B00C6F285 = {
			isa = PBXGroup;
			children = (
				C7E70CB22A45396C00C6F285 /* ImageEditor */,
				C7E70CC92A45397000C6F285 /* ImageEditorTests */,
				C7E70CD32A45397000C6F285 /* ImageEditorUITests */,
				C7E70CB12A45396C00C6F285 /* Products */,
				293D3ABDB578CFBCF9414E02 /* Pods */,
				2521FA40063F53C419B40A4C /* Frameworks */,
			);
			sourceTree = "<group>";
		};
		C7E70CB12A45396C00C6F285 /* Products */ = {
			isa = PBXGroup;
			children = (
				C7E70CB02A45396C00C6F285 /* ImageEditor.app */,
				C7E70CC62A45397000C6F285 /* ImageEditorTests.xctest */,
				C7E70CD02A45397000C6F285 /* ImageEditorUITests.xctest */,
			);
			name = Products;
			sourceTree = "<group>";
		};
		C7E70CB22A45396C00C6F285 /* ImageEditor */ = {
			isa = PBXGroup;
			children = (
				C7B5E0AD2A4F297200603CCF /* SnapKit */,
				C7B5E0382A4DC3FC00603CCF /* Fonts */,
				C7E70CB32A45396C00C6F285 /* AppDelegate.swift */,
				C7E70CB52A45396C00C6F285 /* SceneDelegate.swift */,
				C7E70CBC2A45396F00C6F285 /* Assets.xcassets */,
				C7E70CBE2A45396F00C6F285 /* LaunchScreen.storyboard */,
				C7E70CC12A45396F00C6F285 /* Info.plist */,
				C7B01BA22A4D45E000595EA7 /* EditorImageViewController.swift */,
				C7B01BA32A4D45E000595EA7 /* EditorImageViewController.xib */,
				C7B5E0362A4DC3CE00603CCF /* FontChooserContainerView.swift */,
				C7B5E0AB2A4F28DB00603CCF /* InfoPlist.strings */,
			);
			path = ImageEditor;
			sourceTree = "<group>";
		};
		C7E70CC92A45397000C6F285 /* ImageEditorTests */ = {
			isa = PBXGroup;
			children = (
				C7E70CCA2A45397000C6F285 /* ImageEditorTests.swift */,
			);
			path = ImageEditorTests;
			sourceTree = "<group>";
		};
		C7E70CD32A45397000C6F285 /* ImageEditorUITests */ = {
			isa = PBXGroup;
			children = (
				C7E70CD42A45397000C6F285 /* ImageEditorUITests.swift */,
				C7E70CD62A45397000C6F285 /* ImageEditorUITestsLaunchTests.swift */,
			);
			path = ImageEditorUITests;
			sourceTree = "<group>";
		};
/* End PBXGroup section */

/* Begin PBXNativeTarget section */
		C7E70CAF2A45396C00C6F285 /* ImageEditor */ = {
			isa = PBXNativeTarget;
			buildConfigurationList = C7E70CDA2A45397000C6F285 /* Build configuration list for PBXNativeTarget "ImageEditor" */;
			buildPhases = (
				33AD56EDA74E07920DA8B367 /* [CP] Check Pods Manifest.lock */,
				C7E70CAC2A45396C00C6F285 /* Sources */,
				C7E70CAD2A45396C00C6F285 /* Frameworks */,
				C7E70CAE2A45396C00C6F285 /* Resources */,
				9E80F27E9F35539FDFB9504F /* [CP] Embed Pods Frameworks */,
			);
			buildRules = (
			);
			dependencies = (
			);
			name = ImageEditor;
			productName = ImageEditor;
			productReference = C7E70CB02A45396C00C6F285 /* ImageEditor.app */;
			productType = "com.apple.product-type.application";
		};
		C7E70CC52A45397000C6F285 /* ImageEditorTests */ = {
			isa = PBXNativeTarget;
			buildConfigurationList = C7E70CDD2A45397000C6F285 /* Build configuration list for PBXNativeTarget "ImageEditorTests" */;
			buildPhases = (
				0DE84DF238B49DB325940975 /* [CP] Check Pods Manifest.lock */,
				C7E70CC22A45397000C6F285 /* Sources */,
				C7E70CC32A45397000C6F285 /* Frameworks */,
				C7E70CC42A45397000C6F285 /* Resources */,
			);
			buildRules = (
			);
			dependencies = (
				C7E70CC82A45397000C6F285 /* PBXTargetDependency */,
			);
			name = ImageEditorTests;
			productName = ImageEditorTests;
			productReference = C7E70CC62A45397000C6F285 /* ImageEditorTests.xctest */;
			productType = "com.apple.product-type.bundle.unit-test";
		};
		C7E70CCF2A45397000C6F285 /* ImageEditorUITests */ = {
			isa = PBXNativeTarget;
			buildConfigurationList = C7E70CE02A45397000C6F285 /* Build configuration list for PBXNativeTarget "ImageEditorUITests" */;
			buildPhases = (
				D9B8BA487B0071B86D0BBE91 /* [CP] Check Pods Manifest.lock */,
				C7E70CCC2A45397000C6F285 /* Sources */,
				C7E70CCD2A45397000C6F285 /* Frameworks */,
				C7E70CCE2A45397000C6F285 /* Resources */,
				63FDE17862DA59D7F372A207 /* [CP] Embed Pods Frameworks */,
			);
			buildRules = (
			);
			dependencies = (
				C7E70CD22A45397000C6F285 /* PBXTargetDependency */,
			);
			name = ImageEditorUITests;
			productName = ImageEditorUITests;
			productReference = C7E70CD02A45397000C6F285 /* ImageEditorUITests.xctest */;
			productType = "com.apple.product-type.bundle.ui-testing";
		};
/* End PBXNativeTarget section */

/* Begin PBXProject section */
		C7E70CA82A45396B00C6F285 /* Project object */ = {
			isa = PBXProject;
			attributes = {
				BuildIndependentTargetsInParallel = 1;
				LastSwiftUpdateCheck = 1420;
				LastUpgradeCheck = 1420;
				TargetAttributes = {
					C7E70CAF2A45396C00C6F285 = {
						CreatedOnToolsVersion = 14.2;
					};
					C7E70CC52A45397000C6F285 = {
						CreatedOnToolsVersion = 14.2;
						TestTargetID = C7E70CAF2A45396C00C6F285;
					};
					C7E70CCF2A45397000C6F285 = {
						CreatedOnToolsVersion = 14.2;
						TestTargetID = C7E70CAF2A45396C00C6F285;
					};
				};
			};
			buildConfigurationList = C7E70CAB2A45396B00C6F285 /* Build configuration list for PBXProject "ImageEditor" */;
			compatibilityVersion = "Xcode 14.0";
			developmentRegion = en;
			hasScannedForEncodings = 0;
			knownRegions = (
				en,
				Base,
			);
			mainGroup = C7E70CA72A45396B00C6F285;
			productRefGroup = C7E70CB12A45396C00C6F285 /* Products */;
			projectDirPath = "";
			projectRoot = "";
			targets = (
				C7E70CAF2A45396C00C6F285 /* ImageEditor */,
				C7E70CC52A45397000C6F285 /* ImageEditorTests */,
				C7E70CCF2A45397000C6F285 /* ImageEditorUITests */,
			);
		};
/* End PBXProject section */

/* Begin PBXResourcesBuildPhase section */
		C7E70CAE2A45396C00C6F285 /* Resources */ = {
			isa = PBXResourcesBuildPhase;
			buildActionMask = 2147483647;
			files = (
				C7E70CC02A45396F00C6F285 /* LaunchScreen.storyboard in Resources */,
				C7B5E05B2A4DC3FC00603CCF /* Sullivan-Regular.otf in Resources */,
				C7E70CBD2A45396F00C6F285 /* Assets.xcassets in Resources */,
				C7B5E04E2A4DC3FC00603CCF /* Haymaker.ttf in Resources */,
				C7B5E0532A4DC3FC00603CCF /* GearedSlab.ttf in Resources */,
				C7B5E04D2A4DC3FC00603CCF /* Homestead-Regular.ttf in Resources */,
				C7B5E0572A4DC3FC00603CCF /* governor.ttf in Resources */,
				C7B5E0552A4DC3FC00603CCF /* ValenciaRegular.otf in Resources */,
				C7B5E05D2A4DC3FC00603CCF /* vevey.ttf in Resources */,
				C7B5E0AC2A4F28DB00603CCF /* InfoPlist.strings in Resources */,
				C7B5E0562A4DC3FC00603CCF /* Muncie.ttf in Resources */,
				C7B5E0542A4DC3FC00603CCF /* Airship 27-Regular.ttf in Resources */,
				C7B5E05E2A4DC3FC00603CCF /* Arvil_Sans.ttf in Resources */,
				C7B5E0502A4DC3FC00603CCF /* AbrahamLincoln.ttf in Resources */,
				C7B5E05A2A4DC3FC00603CCF /* MavenProLight-200.otf in Resources */,
				C7B5E0512A4DC3FC00603CCF /* mensch.ttf in Resources */,
				C7B5E0592A4DC3FC00603CCF /* Bender-Inline.otf in Resources */,
				C7B5E05C2A4DC3FC00603CCF /* BLANCH_CONDENSED.otf in Resources */,
				C7B5E04C2A4DC3FC00603CCF /* cubano-regular-webfont.ttf in Resources */,
				C7B5E04F2A4DC3FC00603CCF /* Liberator.ttf in Resources */,
				C7B5E0582A4DC3FC00603CCF /* Tommaso.ttf in Resources */,
				C7B01BA52A4D45E000595EA7 /* EditorImageViewController.xib in Resources */,
				C7B5E0522A4DC3FC00603CCF /* Franchise-Bold.ttf in Resources */,
			);
			runOnlyForDeploymentPostprocessing = 0;
		};
		C7E70CC42A45397000C6F285 /* Resources */ = {
			isa = PBXResourcesBuildPhase;
			buildActionMask = 2147483647;
			files = (
			);
			runOnlyForDeploymentPostprocessing = 0;
		};
		C7E70CCE2A45397000C6F285 /* Resources */ = {
			isa = PBXResourcesBuildPhase;
			buildActionMask = 2147483647;
			files = (
			);
			runOnlyForDeploymentPostprocessing = 0;
		};
/* End PBXResourcesBuildPhase section */

/* Begin PBXShellScriptBuildPhase section */
		0DE84DF238B49DB325940975 /* [CP] Check Pods Manifest.lock */ = {
			isa = PBXShellScriptBuildPhase;
			buildActionMask = 2147483647;
			files = (
			);
			inputFileListPaths = (
			);
			inputPaths = (
				"${PODS_PODFILE_DIR_PATH}/Podfile.lock",
				"${PODS_ROOT}/Manifest.lock",
			);
			name = "[CP] Check Pods Manifest.lock";
			outputFileListPaths = (
			);
			outputPaths = (
				"$(DERIVED_FILE_DIR)/Pods-ImageEditorTests-checkManifestLockResult.txt",
			);
			runOnlyForDeploymentPostprocessing = 0;
			shellPath = /bin/sh;
			shellScript = "diff \"${PODS_PODFILE_DIR_PATH}/Podfile.lock\" \"${PODS_ROOT}/Manifest.lock\" > /dev/null\nif [ $? != 0 ] ; then\n    # print error to STDERR\n    echo \"error: The sandbox is not in sync with the Podfile.lock. Run 'pod install' or update your CocoaPods installation.\" >&2\n    exit 1\nfi\n# This output is used by Xcode 'outputs' to avoid re-running this script phase.\necho \"SUCCESS\" > \"${SCRIPT_OUTPUT_FILE_0}\"\n";
			showEnvVarsInLog = 0;
		};
		33AD56EDA74E07920DA8B367 /* [CP] Check Pods Manifest.lock */ = {
			isa = PBXShellScriptBuildPhase;
			buildActionMask = 2147483647;
			files = (
			);
			inputFileListPaths = (
			);
			inputPaths = (
				"${PODS_PODFILE_DIR_PATH}/Podfile.lock",
				"${PODS_ROOT}/Manifest.lock",
			);
			name = "[CP] Check Pods Manifest.lock";
			outputFileListPaths = (
			);
			outputPaths = (
				"$(DERIVED_FILE_DIR)/Pods-ImageEditor-checkManifestLockResult.txt",
			);
			runOnlyForDeploymentPostprocessing = 0;
			shellPath = /bin/sh;
			shellScript = "diff \"${PODS_PODFILE_DIR_PATH}/Podfile.lock\" \"${PODS_ROOT}/Manifest.lock\" > /dev/null\nif [ $? != 0 ] ; then\n    # print error to STDERR\n    echo \"error: The sandbox is not in sync with the Podfile.lock. Run 'pod install' or update your CocoaPods installation.\" >&2\n    exit 1\nfi\n# This output is used by Xcode 'outputs' to avoid re-running this script phase.\necho \"SUCCESS\" > \"${SCRIPT_OUTPUT_FILE_0}\"\n";
			showEnvVarsInLog = 0;
		};
		63FDE17862DA59D7F372A207 /* [CP] Embed Pods Frameworks */ = {
			isa = PBXShellScriptBuildPhase;
			buildActionMask = 2147483647;
			files = (
			);
			inputFileListPaths = (
				"${PODS_ROOT}/Target Support Files/Pods-ImageEditor-ImageEditorUITests/Pods-ImageEditor-ImageEditorUITests-frameworks-${CONFIGURATION}-input-files.xcfilelist",
			);
			name = "[CP] Embed Pods Frameworks";
			outputFileListPaths = (
				"${PODS_ROOT}/Target Support Files/Pods-ImageEditor-ImageEditorUITests/Pods-ImageEditor-ImageEditorUITests-frameworks-${CONFIGURATION}-output-files.xcfilelist",
			);
			runOnlyForDeploymentPostprocessing = 0;
			shellPath = /bin/sh;
			shellScript = "\"${PODS_ROOT}/Target Support Files/Pods-ImageEditor-ImageEditorUITests/Pods-ImageEditor-ImageEditorUITests-frameworks.sh\"\n";
			showEnvVarsInLog = 0;
		};
		9E80F27E9F35539FDFB9504F /* [CP] Embed Pods Frameworks */ = {
			isa = PBXShellScriptBuildPhase;
			buildActionMask = 2147483647;
			files = (
			);
			inputFileListPaths = (
				"${PODS_ROOT}/Target Support Files/Pods-ImageEditor/Pods-ImageEditor-frameworks-${CONFIGURATION}-input-files.xcfilelist",
			);
			name = "[CP] Embed Pods Frameworks";
			outputFileListPaths = (
				"${PODS_ROOT}/Target Support Files/Pods-ImageEditor/Pods-ImageEditor-frameworks-${CONFIGURATION}-output-files.xcfilelist",
			);
			runOnlyForDeploymentPostprocessing = 0;
			shellPath = /bin/sh;
			shellScript = "\"${PODS_ROOT}/Target Support Files/Pods-ImageEditor/Pods-ImageEditor-frameworks.sh\"\n";
			showEnvVarsInLog = 0;
		};
		D9B8BA487B0071B86D0BBE91 /* [CP] Check Pods Manifest.lock */ = {
			isa = PBXShellScriptBuildPhase;
			buildActionMask = 2147483647;
			files = (
			);
			inputFileListPaths = (
			);
			inputPaths = (
				"${PODS_PODFILE_DIR_PATH}/Podfile.lock",
				"${PODS_ROOT}/Manifest.lock",
			);
			name = "[CP] Check Pods Manifest.lock";
			outputFileListPaths = (
			);
			outputPaths = (
				"$(DERIVED_FILE_DIR)/Pods-ImageEditor-ImageEditorUITests-checkManifestLockResult.txt",
			);
			runOnlyForDeploymentPostprocessing = 0;
			shellPath = /bin/sh;
			shellScript = "diff \"${PODS_PODFILE_DIR_PATH}/Podfile.lock\" \"${PODS_ROOT}/Manifest.lock\" > /dev/null\nif [ $? != 0 ] ; then\n    # print error to STDERR\n    echo \"error: The sandbox is not in sync with the Podfile.lock. Run 'pod install' or update your CocoaPods installation.\" >&2\n    exit 1\nfi\n# This output is used by Xcode 'outputs' to avoid re-running this script phase.\necho \"SUCCESS\" > \"${SCRIPT_OUTPUT_FILE_0}\"\n";
			showEnvVarsInLog = 0;
		};
/* End PBXShellScriptBuildPhase section */

/* Begin PBXSourcesBuildPhase section */
		C7E70CAC2A45396C00C6F285 /* Sources */ = {
			isa = PBXSourcesBuildPhase;
			buildActionMask = 2147483647;
			files = (
				C7B5E0E22A4F297200603CCF /* ConstraintMakerRelatable+Extensions.swift in Sources */,
				C7B5E0F82A4F297200603CCF /* ConstraintMakerRelatable.swift in Sources */,
				C7B5E0E52A4F297200603CCF /* ConstraintView.swift in Sources */,
				C7B5E0F12A4F297200603CCF /* Constraint.swift in Sources */,
				C7B5E0EC2A4F297200603CCF /* ConstraintMaker.swift in Sources */,
				C7B5E0F72A4F297200603CCF /* ConstraintLayoutSupportDSL.swift in Sources */,
				C7B5E0E82A4F297200603CCF /* Typealiases.swift in Sources */,
				C7B5E0DB2A4F297200603CCF /* ConstraintInsets.swift in Sources */,
				C7B5E0D82A4F297200603CCF /* ConstraintAttributes.swift in Sources */,
				C7B5E0D92A4F297200603CCF /* ConstraintViewDSL.swift in Sources */,
				C7B5E0D72A4F297200603CCF /* ConstraintMakerPriortizable.swift in Sources */,
				C7B5E0EB2A4F297200603CCF /* ConstraintMakerEditable.swift in Sources */,
				C7E70CB42A45396C00C6F285 /* AppDelegate.swift in Sources */,
				C7B5E0372A4DC3CE00603CCF /* FontChooserContainerView.swift in Sources */,
				C7B5E0F62A4F297200603CCF /* ConstraintDirectionalInsets.swift in Sources */,
				C7B5E0DA2A4F297200603CCF /* ConstraintPriorityTarget.swift in Sources */,
				C7B5E0EA2A4F297200603CCF /* ConstraintOffsetTarget.swift in Sources */,
				C7B5E0EE2A4F297200603CCF /* ConstraintLayoutGuideDSL.swift in Sources */,
				C7E70CB62A45396C00C6F285 /* SceneDelegate.swift in Sources */,
				C7B5E0DE2A4F297200603CCF /* ConstraintMakerExtendable.swift in Sources */,
				C7B01BA42A4D45E000595EA7 /* EditorImageViewController.swift in Sources */,
				C7B5E0ED2A4F297200603CCF /* ConstraintRelation.swift in Sources */,
				C7B5E0DF2A4F297200603CCF /* ConstraintPriority.swift in Sources */,
				C7B5E0D42A4F297200603CCF /* ConstraintMultiplierTarget.swift in Sources */,
				C7B5E0D62A4F297200603CCF /* ConstraintDescription.swift in Sources */,
				C7B5E0F22A4F297200603CCF /* Debugging.swift in Sources */,
				C7B5E0EF2A4F297200603CCF /* ConstraintView+Extensions.swift in Sources */,
				C7B5E0E02A4F297200603CCF /* ConstraintInsetTarget.swift in Sources */,
				C7B5E0E72A4F297200603CCF /* ConstraintLayoutSupport.swift in Sources */,
				C7B5E0E42A4F297200603CCF /* UILayoutSupport+Extensions.swift in Sources */,
				C7B5E0D52A4F297200603CCF /* LayoutConstraintItem.swift in Sources */,
				C7B5E0F02A4F297200603CCF /* ConstraintItem.swift in Sources */,
				C7B5E0F52A4F297200603CCF /* ConstraintLayoutGuide+Extensions.swift in Sources */,
				C7B5E0E62A4F297200603CCF /* ConstraintLayoutGuide.swift in Sources */,
				C7B5E0E32A4F297200603CCF /* ConstraintConfig.swift in Sources */,
				C7B5E0F42A4F297200603CCF /* LayoutConstraint.swift in Sources */,
				C7B5E0DD2A4F297200603CCF /* ConstraintDSL.swift in Sources */,
				C7B5E0E92A4F297200603CCF /* ConstraintConstantTarget.swift in Sources */,
				C7B5E0E12A4F297200603CCF /* ConstraintDirectionalInsetTarget.swift in Sources */,
				C7B5E0F32A4F297200603CCF /* ConstraintRelatableTarget.swift in Sources */,
				C7B5E0DC2A4F297200603CCF /* ConstraintMakerFinalizable.swift in Sources */,
			);
			runOnlyForDeploymentPostprocessing = 0;
		};
		C7E70CC22A45397000C6F285 /* Sources */ = {
			isa = PBXSourcesBuildPhase;
			buildActionMask = 2147483647;
			files = (
				C7E70CCB2A45397000C6F285 /* ImageEditorTests.swift in Sources */,
			);
			runOnlyForDeploymentPostprocessing = 0;
		};
		C7E70CCC2A45397000C6F285 /* Sources */ = {
			isa = PBXSourcesBuildPhase;
			buildActionMask = 2147483647;
			files = (
				C7E70CD52A45397000C6F285 /* ImageEditorUITests.swift in Sources */,
				C7E70CD72A45397000C6F285 /* ImageEditorUITestsLaunchTests.swift in Sources */,
			);
			runOnlyForDeploymentPostprocessing = 0;
		};
/* End PBXSourcesBuildPhase section */

/* Begin PBXTargetDependency section */
		C7E70CC82A45397000C6F285 /* PBXTargetDependency */ = {
			isa = PBXTargetDependency;
			target = C7E70CAF2A45396C00C6F285 /* ImageEditor */;
			targetProxy = C7E70CC72A45397000C6F285 /* PBXContainerItemProxy */;
		};
		C7E70CD22A45397000C6F285 /* PBXTargetDependency */ = {
			isa = PBXTargetDependency;
			target = C7E70CAF2A45396C00C6F285 /* ImageEditor */;
			targetProxy = C7E70CD12A45397000C6F285 /* PBXContainerItemProxy */;
		};
/* End PBXTargetDependency section */

/* Begin PBXVariantGroup section */
		C7E70CBE2A45396F00C6F285 /* LaunchScreen.storyboard */ = {
			isa = PBXVariantGroup;
			children = (
				C7E70CBF2A45396F00C6F285 /* Base */,
			);
			name = LaunchScreen.storyboard;
			sourceTree = "<group>";
		};
/* End PBXVariantGroup section */

/* Begin XCBuildConfiguration section */
		C7E70CD82A45397000C6F285 /* Debug */ = {
			isa = XCBuildConfiguration;
			buildSettings = {
				ALWAYS_SEARCH_USER_PATHS = NO;
				CLANG_ANALYZER_NONNULL = YES;
				CLANG_ANALYZER_NUMBER_OBJECT_CONVERSION = YES_AGGRESSIVE;
				CLANG_CXX_LANGUAGE_STANDARD = "gnu++20";
				CLANG_ENABLE_MODULES = YES;
				CLANG_ENABLE_OBJC_ARC = YES;
				CLANG_ENABLE_OBJC_WEAK = YES;
				CLANG_WARN_BLOCK_CAPTURE_AUTORELEASING = YES;
				CLANG_WARN_BOOL_CONVERSION = YES;
				CLANG_WARN_COMMA = YES;
				CLANG_WARN_CONSTANT_CONVERSION = YES;
				CLANG_WARN_DEPRECATED_OBJC_IMPLEMENTATIONS = YES;
				CLANG_WARN_DIRECT_OBJC_ISA_USAGE = YES_ERROR;
				CLANG_WARN_DOCUMENTATION_COMMENTS = YES;
				CLANG_WARN_EMPTY_BODY = YES;
				CLANG_WARN_ENUM_CONVERSION = YES;
				CLANG_WARN_INFINITE_RECURSION = YES;
				CLANG_WARN_INT_CONVERSION = YES;
				CLANG_WARN_NON_LITERAL_NULL_CONVERSION = YES;
				CLANG_WARN_OBJC_IMPLICIT_RETAIN_SELF = YES;
				CLANG_WARN_OBJC_LITERAL_CONVERSION = YES;
				CLANG_WARN_OBJC_ROOT_CLASS = YES_ERROR;
				CLANG_WARN_QUOTED_INCLUDE_IN_FRAMEWORK_HEADER = YES;
				CLANG_WARN_RANGE_LOOP_ANALYSIS = YES;
				CLANG_WARN_STRICT_PROTOTYPES = YES;
				CLANG_WARN_SUSPICIOUS_MOVE = YES;
				CLANG_WARN_UNGUARDED_AVAILABILITY = YES_AGGRESSIVE;
				CLANG_WARN_UNREACHABLE_CODE = YES;
				CLANG_WARN__DUPLICATE_METHOD_MATCH = YES;
				COPY_PHASE_STRIP = NO;
				DEBUG_INFORMATION_FORMAT = dwarf;
				ENABLE_STRICT_OBJC_MSGSEND = YES;
				ENABLE_TESTABILITY = YES;
				GCC_C_LANGUAGE_STANDARD = gnu11;
				GCC_DYNAMIC_NO_PIC = NO;
				GCC_NO_COMMON_BLOCKS = YES;
				GCC_OPTIMIZATION_LEVEL = 0;
				GCC_PREPROCESSOR_DEFINITIONS = (
					"DEBUG=1",
					"$(inherited)",
				);
				GCC_WARN_64_TO_32_BIT_CONVERSION = YES;
				GCC_WARN_ABOUT_RETURN_TYPE = YES_ERROR;
				GCC_WARN_UNDECLARED_SELECTOR = YES;
				GCC_WARN_UNINITIALIZED_AUTOS = YES_AGGRESSIVE;
				GCC_WARN_UNUSED_FUNCTION = YES;
				GCC_WARN_UNUSED_VARIABLE = YES;
				IPHONEOS_DEPLOYMENT_TARGET = 13.0;
				MTL_ENABLE_DEBUG_INFO = INCLUDE_SOURCE;
				MTL_FAST_MATH = YES;
				ONLY_ACTIVE_ARCH = YES;
				SDKROOT = iphoneos;
				SWIFT_ACTIVE_COMPILATION_CONDITIONS = DEBUG;
				SWIFT_OPTIMIZATION_LEVEL = "-Onone";
			};
			name = Debug;
		};
		C7E70CD92A45397000C6F285 /* Release */ = {
			isa = XCBuildConfiguration;
			buildSettings = {
				ALWAYS_SEARCH_USER_PATHS = NO;
				CLANG_ANALYZER_NONNULL = YES;
				CLANG_ANALYZER_NUMBER_OBJECT_CONVERSION = YES_AGGRESSIVE;
				CLANG_CXX_LANGUAGE_STANDARD = "gnu++20";
				CLANG_ENABLE_MODULES = YES;
				CLANG_ENABLE_OBJC_ARC = YES;
				CLANG_ENABLE_OBJC_WEAK = YES;
				CLANG_WARN_BLOCK_CAPTURE_AUTORELEASING = YES;
				CLANG_WARN_BOOL_CONVERSION = YES;
				CLANG_WARN_COMMA = YES;
				CLANG_WARN_CONSTANT_CONVERSION = YES;
				CLANG_WARN_DEPRECATED_OBJC_IMPLEMENTATIONS = YES;
				CLANG_WARN_DIRECT_OBJC_ISA_USAGE = YES_ERROR;
				CLANG_WARN_DOCUMENTATION_COMMENTS = YES;
				CLANG_WARN_EMPTY_BODY = YES;
				CLANG_WARN_ENUM_CONVERSION = YES;
				CLANG_WARN_INFINITE_RECURSION = YES;
				CLANG_WARN_INT_CONVERSION = YES;
				CLANG_WARN_NON_LITERAL_NULL_CONVERSION = YES;
				CLANG_WARN_OBJC_IMPLICIT_RETAIN_SELF = YES;
				CLANG_WARN_OBJC_LITERAL_CONVERSION = YES;
				CLANG_WARN_OBJC_ROOT_CLASS = YES_ERROR;
				CLANG_WARN_QUOTED_INCLUDE_IN_FRAMEWORK_HEADER = YES;
				CLANG_WARN_RANGE_LOOP_ANALYSIS = YES;
				CLANG_WARN_STRICT_PROTOTYPES = YES;
				CLANG_WARN_SUSPICIOUS_MOVE = YES;
				CLANG_WARN_UNGUARDED_AVAILABILITY = YES_AGGRESSIVE;
				CLANG_WARN_UNREACHABLE_CODE = YES;
				CLANG_WARN__DUPLICATE_METHOD_MATCH = YES;
				COPY_PHASE_STRIP = NO;
				DEBUG_INFORMATION_FORMAT = "dwarf-with-dsym";
				ENABLE_NS_ASSERTIONS = NO;
				ENABLE_STRICT_OBJC_MSGSEND = YES;
				GCC_C_LANGUAGE_STANDARD = gnu11;
				GCC_NO_COMMON_BLOCKS = YES;
				GCC_WARN_64_TO_32_BIT_CONVERSION = YES;
				GCC_WARN_ABOUT_RETURN_TYPE = YES_ERROR;
				GCC_WARN_UNDECLARED_SELECTOR = YES;
				GCC_WARN_UNINITIALIZED_AUTOS = YES_AGGRESSIVE;
				GCC_WARN_UNUSED_FUNCTION = YES;
				GCC_WARN_UNUSED_VARIABLE = YES;
				IPHONEOS_DEPLOYMENT_TARGET = 13.0;
				MTL_ENABLE_DEBUG_INFO = NO;
				MTL_FAST_MATH = YES;
				SDKROOT = iphoneos;
				SWIFT_COMPILATION_MODE = wholemodule;
				SWIFT_OPTIMIZATION_LEVEL = "-O";
				VALIDATE_PRODUCT = YES;
			};
			name = Release;
		};
		C7E70CDB2A45397000C6F285 /* Debug */ = {
			isa = XCBuildConfiguration;
			baseConfigurationReference = 85EEEC0CB211F1A3C54F5E58 /* Pods-ImageEditor.debug.xcconfig */;
			buildSettings = {
				ASSETCATALOG_COMPILER_APPICON_NAME = AppIcon;
				ASSETCATALOG_COMPILER_GLOBAL_ACCENT_COLOR_NAME = AccentColor;
				CODE_SIGN_STYLE = Automatic;
				CURRENT_PROJECT_VERSION = 1;
				DEVELOPMENT_TEAM = XSH88V68U6;
				GENERATE_INFOPLIST_FILE = YES;
				INFOPLIST_FILE = ImageEditor/Info.plist;
				INFOPLIST_KEY_CFBundleDisplayName = "Combine Images";
				INFOPLIST_KEY_NSCameraUsageDescription = "Combine Images need camera access to take pictures.";
				INFOPLIST_KEY_NSPhotoLibraryAddUsageDescription = "Combine Images need to add images to the library.";
				INFOPLIST_KEY_NSPhotoLibraryUsageDescription = "Combine Images need access to library.";
				INFOPLIST_KEY_UIApplicationSupportsIndirectInputEvents = YES;
				INFOPLIST_KEY_UILaunchStoryboardName = LaunchScreen;
				INFOPLIST_KEY_UISupportedInterfaceOrientations_iPad = "UIInterfaceOrientationPortrait UIInterfaceOrientationPortraitUpsideDown UIInterfaceOrientationLandscapeLeft UIInterfaceOrientationLandscapeRight";
				INFOPLIST_KEY_UISupportedInterfaceOrientations_iPhone = "UIInterfaceOrientationPortrait UIInterfaceOrientationLandscapeLeft UIInterfaceOrientationLandscapeRight";
				LD_RUNPATH_SEARCH_PATHS = (
					"$(inherited)",
					"@executable_path/Frameworks",
				);
				MARKETING_VERSION = 1.0.0;
				PRODUCT_BUNDLE_IDENTIFIER = "com.haily.211194.combine-image";
				PRODUCT_NAME = "$(TARGET_NAME)";
				SWIFT_EMIT_LOC_STRINGS = YES;
				SWIFT_VERSION = 5.0;
				TARGETED_DEVICE_FAMILY = "1,2";
			};
			name = Debug;
		};
		C7E70CDC2A45397000C6F285 /* Release */ = {
			isa = XCBuildConfiguration;
			baseConfigurationReference = C24C92E822270BE771802E32 /* Pods-ImageEditor.release.xcconfig */;
			buildSettings = {
				ASSETCATALOG_COMPILER_APPICON_NAME = AppIcon;
				ASSETCATALOG_COMPILER_GLOBAL_ACCENT_COLOR_NAME = AccentColor;
				CODE_SIGN_STYLE = Automatic;
				CURRENT_PROJECT_VERSION = 1;
				DEVELOPMENT_TEAM = XSH88V68U6;
				GENERATE_INFOPLIST_FILE = YES;
				INFOPLIST_FILE = ImageEditor/Info.plist;
				INFOPLIST_KEY_CFBundleDisplayName = "Combine Images";
				INFOPLIST_KEY_NSCameraUsageDescription = "Combine Images need camera access to take pictures.";
				INFOPLIST_KEY_NSPhotoLibraryAddUsageDescription = "Combine Images need to add images to the library.";
				INFOPLIST_KEY_NSPhotoLibraryUsageDescription = "Combine Images need access to library.";
				INFOPLIST_KEY_UIApplicationSupportsIndirectInputEvents = YES;
				INFOPLIST_KEY_UILaunchStoryboardName = LaunchScreen;
				INFOPLIST_KEY_UISupportedInterfaceOrientations_iPad = "UIInterfaceOrientationPortrait UIInterfaceOrientationPortraitUpsideDown UIInterfaceOrientationLandscapeLeft UIInterfaceOrientationLandscapeRight";
				INFOPLIST_KEY_UISupportedInterfaceOrientations_iPhone = "UIInterfaceOrientationPortrait UIInterfaceOrientationLandscapeLeft UIInterfaceOrientationLandscapeRight";
				LD_RUNPATH_SEARCH_PATHS = (
					"$(inherited)",
					"@executable_path/Frameworks",
				);
				MARKETING_VERSION = 1.0.0;
				PRODUCT_BUNDLE_IDENTIFIER = "com.haily.211194.combine-image";
				PRODUCT_NAME = "$(TARGET_NAME)";
				SWIFT_EMIT_LOC_STRINGS = YES;
				SWIFT_VERSION = 5.0;
				TARGETED_DEVICE_FAMILY = "1,2";
			};
			name = Release;
		};
		C7E70CDE2A45397000C6F285 /* Debug */ = {
			isa = XCBuildConfiguration;
			baseConfigurationReference = F2E50EB81BC4213B4F449C8D /* Pods-ImageEditorTests.debug.xcconfig */;
			buildSettings = {
				ALWAYS_EMBED_SWIFT_STANDARD_LIBRARIES = YES;
				BUNDLE_LOADER = "$(TEST_HOST)";
				CODE_SIGN_STYLE = Automatic;
				CURRENT_PROJECT_VERSION = 1;
				DEVELOPMENT_TEAM = XSH88V68U6;
				GENERATE_INFOPLIST_FILE = YES;
				IPHONEOS_DEPLOYMENT_TARGET = 16.2;
				MARKETING_VERSION = 1.0;
				PRODUCT_BUNDLE_IDENTIFIER = ly.truong.ImageEditorTests;
				PRODUCT_NAME = "$(TARGET_NAME)";
				SWIFT_EMIT_LOC_STRINGS = NO;
				SWIFT_VERSION = 5.0;
				TARGETED_DEVICE_FAMILY = "1,2";
				TEST_HOST = "$(BUILT_PRODUCTS_DIR)/ImageEditor.app/$(BUNDLE_EXECUTABLE_FOLDER_PATH)/ImageEditor";
			};
			name = Debug;
		};
		C7E70CDF2A45397000C6F285 /* Release */ = {
			isa = XCBuildConfiguration;
			baseConfigurationReference = 57042BBEF325F3ED770E1E58 /* Pods-ImageEditorTests.release.xcconfig */;
			buildSettings = {
				ALWAYS_EMBED_SWIFT_STANDARD_LIBRARIES = YES;
				BUNDLE_LOADER = "$(TEST_HOST)";
				CODE_SIGN_STYLE = Automatic;
				CURRENT_PROJECT_VERSION = 1;
				DEVELOPMENT_TEAM = XSH88V68U6;
				GENERATE_INFOPLIST_FILE = YES;
				IPHONEOS_DEPLOYMENT_TARGET = 16.2;
				MARKETING_VERSION = 1.0;
				PRODUCT_BUNDLE_IDENTIFIER = ly.truong.ImageEditorTests;
				PRODUCT_NAME = "$(TARGET_NAME)";
				SWIFT_EMIT_LOC_STRINGS = NO;
				SWIFT_VERSION = 5.0;
				TARGETED_DEVICE_FAMILY = "1,2";
				TEST_HOST = "$(BUILT_PRODUCTS_DIR)/ImageEditor.app/$(BUNDLE_EXECUTABLE_FOLDER_PATH)/ImageEditor";
			};
			name = Release;
		};
		C7E70CE12A45397000C6F285 /* Debug */ = {
			isa = XCBuildConfiguration;
			baseConfigurationReference = DF25AD815818A58C2DB3AE5C /* Pods-ImageEditor-ImageEditorUITests.debug.xcconfig */;
			buildSettings = {
				ALWAYS_EMBED_SWIFT_STANDARD_LIBRARIES = YES;
				CODE_SIGN_STYLE = Automatic;
				CURRENT_PROJECT_VERSION = 1;
				DEVELOPMENT_TEAM = XSH88V68U6;
				GENERATE_INFOPLIST_FILE = YES;
				MARKETING_VERSION = 1.0;
				PRODUCT_BUNDLE_IDENTIFIER = ly.truong.ImageEditorUITests;
				PRODUCT_NAME = "$(TARGET_NAME)";
				SWIFT_EMIT_LOC_STRINGS = NO;
				SWIFT_VERSION = 5.0;
				TARGETED_DEVICE_FAMILY = "1,2";
				TEST_TARGET_NAME = ImageEditor;
			};
			name = Debug;
		};
		C7E70CE22A45397000C6F285 /* Release */ = {
			isa = XCBuildConfiguration;
			baseConfigurationReference = 04D9FD392FA51D439DB3502D /* Pods-ImageEditor-ImageEditorUITests.release.xcconfig */;
			buildSettings = {
				ALWAYS_EMBED_SWIFT_STANDARD_LIBRARIES = YES;
				CODE_SIGN_STYLE = Automatic;
				CURRENT_PROJECT_VERSION = 1;
				DEVELOPMENT_TEAM = XSH88V68U6;
				GENERATE_INFOPLIST_FILE = YES;
				MARKETING_VERSION = 1.0;
				PRODUCT_BUNDLE_IDENTIFIER = ly.truong.ImageEditorUITests;
				PRODUCT_NAME = "$(TARGET_NAME)";
				SWIFT_EMIT_LOC_STRINGS = NO;
				SWIFT_VERSION = 5.0;
				TARGETED_DEVICE_FAMILY = "1,2";
				TEST_TARGET_NAME = ImageEditor;
			};
			name = Release;
		};
/* End XCBuildConfiguration section */

/* Begin XCConfigurationList section */
		C7E70CAB2A45396B00C6F285 /* Build configuration list for PBXProject "ImageEditor" */ = {
			isa = XCConfigurationList;
			buildConfigurations = (
				C7E70CD82A45397000C6F285 /* Debug */,
				C7E70CD92A45397000C6F285 /* Release */,
			);
			defaultConfigurationIsVisible = 0;
			defaultConfigurationName = Release;
		};
		C7E70CDA2A45397000C6F285 /* Build configuration list for PBXNativeTarget "ImageEditor" */ = {
			isa = XCConfigurationList;
			buildConfigurations = (
				C7E70CDB2A45397000C6F285 /* Debug */,
				C7E70CDC2A45397000C6F285 /* Release */,
			);
			defaultConfigurationIsVisible = 0;
			defaultConfigurationName = Release;
		};
		C7E70CDD2A45397000C6F285 /* Build configuration list for PBXNativeTarget "ImageEditorTests" */ = {
			isa = XCConfigurationList;
			buildConfigurations = (
				C7E70CDE2A45397000C6F285 /* Debug */,
				C7E70CDF2A45397000C6F285 /* Release */,
			);
			defaultConfigurationIsVisible = 0;
			defaultConfigurationName = Release;
		};
		C7E70CE02A45397000C6F285 /* Build configuration list for PBXNativeTarget "ImageEditorUITests" */ = {
			isa = XCConfigurationList;
			buildConfigurations = (
				C7E70CE12A45397000C6F285 /* Debug */,
				C7E70CE22A45397000C6F285 /* Release */,
			);
			defaultConfigurationIsVisible = 0;
			defaultConfigurationName = Release;
		};
/* End XCConfigurationList section */
	};
	rootObject = C7E70CA82A45396B00C6F285 /* Project object */;
}
